
Microsoft Visual Studio Solution File, Format Version 12.00
# Visual Studio Version 16
VisualStudioVersion = 16.0.31911.196
MinimumVisualStudioVersion = 10.0.40219.1
Project("{9A19103F-16F7-4668-BE54-9A1E7A4F7556}") = "TrainingPlatform", "TrainingPlatform\TrainingPlatform.csproj", "{C987277C-67BF-490C-8ED9-CD6015A6D3A2}"
EndProject
Project("{9A19103F-16F7-4668-BE54-9A1E7A4F7556}") = "TrainingPlatform.ApplicationServices", "TrainingPlatform.ApplicationServices\TrainingPlatform.ApplicationServices.csproj", "{0B59C3AD-BD38-4A92-9925-6B091299B806}"
EndProject
Project("{9A19103F-16F7-4668-BE54-9A1E7A4F7556}") = "TrainingPlatform.DataAccess", "TrainingPlatform.DataAccess\TrainingPlatform.DataAccess.csproj", "{F8A6B380-A63D-4C22-9477-98676686DD59}"
EndProject
Project("{FAE04EC0-301F-11D3-BF4B-00C04F79EFBC}") = "TrainingPlatform.Client", "TrainingPlatform.Client\TrainingPlatform.Client.csproj", "{E97C54C1-8399-415D-8EA4-4FD456B836C9}"
EndProject
Global
	GlobalSection(SolutionConfigurationPlatforms) = preSolution
		Debug|Any CPU = Debug|Any CPU
		Release|Any CPU = Release|Any CPU
	EndGlobalSection
	GlobalSection(ProjectConfigurationPlatforms) = postSolution
		{C987277C-67BF-490C-8ED9-CD6015A6D3A2}.Debug|Any CPU.ActiveCfg = Debug|Any CPU
		{C987277C-67BF-490C-8ED9-CD6015A6D3A2}.Debug|Any CPU.Build.0 = Debug|Any CPU
		{C987277C-67BF-490C-8ED9-CD6015A6D3A2}.Release|Any CPU.ActiveCfg = Release|Any CPU
		{C987277C-67BF-490C-8ED9-CD6015A6D3A2}.Release|Any CPU.Build.0 = Release|Any CPU
		{0B59C3AD-BD38-4A92-9925-6B091299B806}.Debug|Any CPU.ActiveCfg = Debug|Any CPU
		{0B59C3AD-BD38-4A92-9925-6B091299B806}.Debug|Any CPU.Build.0 = Debug|Any CPU
		{0B59C3AD-BD38-4A92-9925-6B091299B806}.Release|Any CPU.ActiveCfg = Release|Any CPU
		{0B59C3AD-BD38-4A92-9925-6B091299B806}.Release|Any CPU.Build.0 = Release|Any CPU
		{F8A6B380-A63D-4C22-9477-98676686DD59}.Debug|Any CPU.ActiveCfg = Debug|Any CPU
		{F8A6B380-A63D-4C22-9477-98676686DD59}.Debug|Any CPU.Build.0 = Debug|Any CPU
		{F8A6B380-A63D-4C22-9477-98676686DD59}.Release|Any CPU.ActiveCfg = Release|Any CPU
		{F8A6B380-A63D-4C22-9477-98676686DD59}.Release|Any CPU.Build.0 = Release|Any CPU
		{E97C54C1-8399-415D-8EA4-4FD456B836C9}.Debug|Any CPU.ActiveCfg = Debug|Any CPU
		{E97C54C1-8399-415D-8EA4-4FD456B836C9}.Debug|Any CPU.Build.0 = Debug|Any CPU
		{E97C54C1-8399-415D-8EA4-4FD456B836C9}.Release|Any CPU.ActiveCfg = Release|Any CPU
		{E97C54C1-8399-415D-8EA4-4FD456B836C9}.Release|Any CPU.Build.0 = Release|Any CPU
	EndGlobalSection
	GlobalSection(SolutionProperties) = preSolution
		HideSolutionNode = FALSE
	EndGlobalSection
	GlobalSection(ExtensibilityGlobals) = postSolution
		SolutionGuid = {E1C67BC1-D1C6-439F-8F66-F56E34E2886C}
	EndGlobalSection
EndGlobal
