
Microsoft Visual Studio Solution File, Format Version 12.00
# Visual Studio Version 16
VisualStudioVersion = 16.0.31911.196
MinimumVisualStudioVersion = 10.0.40219.1
Project("{FAE04EC0-301F-11D3-BF4B-00C04F79EFBC}") = "TrainingPlatform", "TrainingPlatform\TrainingPlatform.csproj", "{C987277C-67BF-490C-8ED9-CD6015A6D3A2}"
EndProject
Global
	GlobalSection(SolutionConfigurationPlatforms) = preSolution
		Debug|Any CPU = Debug|Any CPU
		Release|Any CPU = Release|Any CPU
	EndGlobalSection
	GlobalSection(ProjectConfigurationPlatforms) = postSolution
		{C987277C-67BF-490C-8ED9-CD6015A6D3A2}.Debug|Any CPU.ActiveCfg = Debug|Any CPU
		{C987277C-67BF-490C-8ED9-CD6015A6D3A2}.Debug|Any CPU.Build.0 = Debug|Any CPU
		{C987277C-67BF-490C-8ED9-CD6015A6D3A2}.Release|Any CPU.ActiveCfg = Release|Any CPU
		{C987277C-67BF-490C-8ED9-CD6015A6D3A2}.Release|Any CPU.Build.0 = Release|Any CPU
	EndGlobalSection
	GlobalSection(SolutionProperties) = preSolution
		HideSolutionNode = FALSE
	EndGlobalSection
	GlobalSection(ExtensibilityGlobals) = postSolution
		SolutionGuid = {E1C67BC1-D1C6-439F-8F66-F56E34E2886C}
	EndGlobalSection
EndGlobal
